
Microsoft Visual Studio Solution File, Format Version 12.00
# Visual Studio 15
VisualStudioVersion = 15.0.27703.2042
MinimumVisualStudioVersion = 10.0.40219.1
Project("{FAE04EC0-301F-11D3-BF4B-00C04F79EFBC}") = "Ejemplo1", "Ejemplo1\Ejemplo1.csproj", "{E5E58430-407B-4532-9C9E-FBE150736ACA}"
EndProject
Global
	GlobalSection(SolutionConfigurationPlatforms) = preSolution
		Debug|Any CPU = Debug|Any CPU
		Release|Any CPU = Release|Any CPU
	EndGlobalSection
	GlobalSection(ProjectConfigurationPlatforms) = postSolution
		{E5E58430-407B-4532-9C9E-FBE150736ACA}.Debug|Any CPU.ActiveCfg = Debug|Any CPU
		{E5E58430-407B-4532-9C9E-FBE150736ACA}.Debug|Any CPU.Build.0 = Debug|Any CPU
		{E5E58430-407B-4532-9C9E-FBE150736ACA}.Release|Any CPU.ActiveCfg = Release|Any CPU
		{E5E58430-407B-4532-9C9E-FBE150736ACA}.Release|Any CPU.Build.0 = Release|Any CPU
	EndGlobalSection
	GlobalSection(SolutionProperties) = preSolution
		HideSolutionNode = FALSE
	EndGlobalSection
	GlobalSection(ExtensibilityGlobals) = postSolution
		SolutionGuid = {B4211AE6-2D79-40F7-B683-D9FE755D5076}
	EndGlobalSection
EndGlobal
